
Microsoft Visual Studio Solution File, Format Version 12.00
# Visual Studio Version 16
VisualStudioVersion = 16.0.30413.136
MinimumVisualStudioVersion = 10.0.40219.1
Project("{FAE04EC0-301F-11D3-BF4B-00C04F79EFBC}") = "DBFAmig", "DBFAmig.csproj", "{003885D2-8B21-4F2A-8378-1E18941AFD62}"
EndProject
Global
	GlobalSection(SolutionConfigurationPlatforms) = preSolution
		Debug|Any CPU = Debug|Any CPU
		Release|Any CPU = Release|Any CPU
	EndGlobalSection
	GlobalSection(ProjectConfigurationPlatforms) = postSolution
		{003885D2-8B21-4F2A-8378-1E18941AFD62}.Debug|Any CPU.ActiveCfg = Debug|Any CPU
		{003885D2-8B21-4F2A-8378-1E18941AFD62}.Debug|Any CPU.Build.0 = Debug|Any CPU
		{003885D2-8B21-4F2A-8378-1E18941AFD62}.Release|Any CPU.ActiveCfg = Release|Any CPU
		{003885D2-8B21-4F2A-8378-1E18941AFD62}.Release|Any CPU.Build.0 = Release|Any CPU
	EndGlobalSection
	GlobalSection(SolutionProperties) = preSolution
		HideSolutionNode = FALSE
	EndGlobalSection
	GlobalSection(ExtensibilityGlobals) = postSolution
		SolutionGuid = {58C0C395-2152-4B2B-8D1B-2E3C5E423F26}
	EndGlobalSection
EndGlobal
